
Microsoft Visual Studio Solution File, Format Version 12.00
# Visual Studio Version 17
VisualStudioVersion = 17.5.33516.290
MinimumVisualStudioVersion = 10.0.40219.1
Project("{FAE04EC0-301F-11D3-BF4B-00C04F79EFBC}") = "SimpleStorage", "SimpleStorage\SimpleStorage.csproj", "{449B9228-04F3-4E93-B42B-F5E63A64843A}"
EndProject
Global
	GlobalSection(SolutionConfigurationPlatforms) = preSolution
		Debug|Any CPU = Debug|Any CPU
		Release|Any CPU = Release|Any CPU
	EndGlobalSection
	GlobalSection(ProjectConfigurationPlatforms) = postSolution
		{449B9228-04F3-4E93-B42B-F5E63A64843A}.Debug|Any CPU.ActiveCfg = Debug|Any CPU
		{449B9228-04F3-4E93-B42B-F5E63A64843A}.Debug|Any CPU.Build.0 = Debug|Any CPU
		{449B9228-04F3-4E93-B42B-F5E63A64843A}.Release|Any CPU.ActiveCfg = Release|Any CPU
		{449B9228-04F3-4E93-B42B-F5E63A64843A}.Release|Any CPU.Build.0 = Release|Any CPU
	EndGlobalSection
	GlobalSection(SolutionProperties) = preSolution
		HideSolutionNode = FALSE
	EndGlobalSection
	GlobalSection(ExtensibilityGlobals) = postSolution
		SolutionGuid = {09201536-BA95-4D7F-9087-6E9AB810C496}
	EndGlobalSection
EndGlobal
